{
    "repos": {
        "0x4a6f": {
            "rev": "aca62964dadb1ae735bad8128e44b2bcf0dc00d5",
            "sha256": "1r24j9ql6c82j8pa0k4ga7gmjayy3anpj2lw2kjqrv1p7ax36n4c",
            "url": "https://github.com/0x4A6F/nur-packages"
        },
        "INFO4-19": {
            "rev": "8e7468efbb7fc13e0c4ccf7e2fd64f5106012301",
            "sha256": "082k3j383zl7vp8fmbwjdh9wmnhv776i6in3pjf3g06ijb4cwcg1",
            "url": "https://gricad-gitlab.univ-grenoble-alpes.fr/Projets-INFO4/18-19/19/code"
        },
        "aasg": {
            "rev": "21359b710a01e95c581b984813dbfb91d9385981",
            "sha256": "15r8m8w6ffyiw0hfa97ic7pmx2hsdmrsjr5kj3yi7wiamwmg025p",
            "url": "https://git.sr.ht/~aasg/nixexprs"
        },
        "angr": {
            "rev": "3b7bcc5558cc0082fd96ddad40cfcfd210846d14",
            "sha256": "1cf7chirgw1k0fik06zfhcadacqzv166ksynb0c26viqa8i47zkm",
            "url": "https://github.com/angr/nixpkgs"
        },
        "arc": {
            "rev": "bfe3d4bb00595e6312cbd4f535ae3d6600b13a05",
            "sha256": "08s2kl1xdsb9dy6dhkrg1mjww4bhl9ygr6ykj8w38jn3za1a03r2",
            "url": "https://github.com/arcnmx/nixexprs"
        },
        "awl-fcarza": {
            "rev": "7aa113aef4e3dcffdf51e4dbf5d678d27f286018",
            "sha256": "02w319ca1nl2fgjz3cj3ksi3gv8r3202wb288098mgqylq84fvdc",
            "url": "https://github.com/francescocarzaniga/awl-fcarza"
        },
        "babariviere": {
            "rev": "fc82804183e367605ab20c199fbf667d52534297",
            "sha256": "0slf2g0xcfkwdw3padskcmnvfh5bzw8b5girq4gqmws3q730y45m",
            "url": "https://github.com/babariviere/nur-packages"
        },
        "balsoft": {
            "rev": "f39fb799c516cb986945e8a6f8b6cbf5b9d5af2e",
            "sha256": "18zzd4hsx62bj8yb4v7qdgc9rrvvsh8hwp9mq1pmpb8i3xilm6rr",
            "url": "https://github.com/balsoft/nur-packages"
        },
        "bb010g": {
            "rev": "937fcd01f3700d6dd6fd55d7c14027d925342af2",
            "sha256": "0ipkv2g038gpmyyy8n7b2d5xfv2cl30mfg2n4dznlm7mpzv68l2k",
            "url": "https://github.com/bb010g/nur-packages"
        },
        "bendlas": {
            "rev": "d03071bae1c1036cbe3dcde75d97d4f926232506",
            "sha256": "0685z3di8sakhrn1h5w7nqmhx4l3czr5b2vixvyas079gzahkzja",
            "url": "https://github.com/bendlas/nur-packages"
        },
        "bhipple": {
            "rev": "e48bcfa1c3a57911860f2fa5bc31991aa79d48f4",
            "sha256": "1jd484srvrnaa7xlqwql69bifmvlgsb5gkxna01ccsdcr648wn00",
            "url": "https://github.com/bhipple/nur-packages"
        },
        "c0deaddict": {
            "rev": "ece4395f5a08de9125ae5f8f22973074181129f6",
            "sha256": "1c8jggc64frksjh97nxx2qw7dkhw1wixakk1dmczfl2dvyva5qqp",
            "url": "https://github.com/c0deaddict/nur-packages"
        },
        "chagra": {
            "rev": "48e11e3bb7df3aa9a23b309b543a47cbb29ee40b",
            "sha256": "18x03ga9l41nzj32nrmw39gssnza69inki0jh6bg4xv6mygmrdy2",
            "url": "https://github.com/ihebchagra/nur-packages"
        },
        "clefru": {
            "rev": "e547135fb8890442c8741938ebb593f14f452b78",
            "sha256": "0s71y5hd5yx7b2azc1l8lr2vby5nj2yza5787zvm1zsf3li1isgy",
            "url": "https://github.com/clefru/nur-packages"
        },
        "cransom": {
            "rev": "dd0dc43b46138ffba0e9a3f023ae0608df2046d9",
            "sha256": "00bry1a9hbs305cwryvy3fh84rv7psk93rdxsky3a2gl0d55yivz",
            "url": "https://github.com/cransom/nur-packages"
        },
        "crazazy": {
            "rev": "bcea01b51e43699daae998779aabd8ac15d186a3",
            "sha256": "10bv05kfiv2408lgyb3gp57y9470ran4phaq44j3hvjjbl019855",
            "url": "https://github.com/crazazy/nixos-config"
        },
        "crazedprogrammer": {
            "rev": "d6e67757f8124a629636fb8b09baaeb0ba3ac49f",
            "sha256": "09z5qgmsbrygny3b3qxrh6spihl1s5mpqpcqq1a9cj8rjk5jshqb",
            "url": "https://github.com/CrazedProgrammer/nix"
        },
        "dandellion": {
            "rev": "c8d32710857bd346db26ca433ab20dcd2e2167e6",
            "sha256": "0rky284y1sw6aid4rqsvn4zjv7dqlivs4wq75sncy1p1k8v3xbw2",
            "url": "https://git.dodsorf.as/Dandellion/NUR"
        },
        "demyanrogozhin": {
            "rev": "a82fcf0ca5a425503e0ef530c83c53ee1af54dfa",
            "sha256": "1wvlv0add78ndm97112mhcz352algwph4anrqmqaahf27bi46f9k",
            "url": "https://github.com/demyanrogozhin/nur-packages"
        },
        "dezgeg": {
            "rev": "2d1018064f60640b6dcc2201efcfc9d0a92a7889",
            "sha256": "0x9q6zdw56sldffqhyvwdx64bjzw5yb6idag4ggrf6ivisrvyszy",
            "url": "https://github.com/dezgeg/nur-packages"
        },
        "dguibert": {
            "rev": "17c2652201b7dbb069d2628e79ec7dd6cc0144a6",
            "sha256": "1lyvddv2270a5gsmbmx1gvgm2khbxg592gj0zjhqg7g13d5qzk25",
            "url": "https://github.com/dguibert/nur-packages"
        },
        "drewrisinger": {
            "rev": "83294bfc8bc3133972efd41ef786d81316150799",
            "sha256": "0fqm6041nij1gkkki96dlmyjp5xinylmg92ya1ip6awsiybxws8m",
            "url": "https://github.com/drewrisinger/nur-packages"
        },
        "dtn7": {
            "rev": "e9b7bd7afb39eadc5fd9d00163fd9310a7c00487",
            "sha256": "1jaw9maw7zywix9ymrrqr8bygw3lzy9ghmi7rycq1qfz6bpcrag0",
            "url": "https://github.com/dtn7/nur-packages"
        },
        "dtz": {
            "rev": "12537a579c422234b372e5bd1abd95ec44a6ffa2",
            "sha256": "104zncp6dlk8nfzyvnidd3yc8xawlr5n9vpm730qlgyplxsvpn1h",
            "url": "https://github.com/dtzWill/nur-packages"
        },
        "dywedir": {
            "rev": "0ed84710caa8ea218d12a3a3c154733ec9c5d02f",
            "sha256": "0rk8p68v75g5p3bqp3azd86ivi5z8vdv0dar9rjmws5s34r9dd10",
            "url": "https://github.com/dywedir/nur-packages"
        },
        "eeva": {
            "rev": "4cf38e3602f0e5925695140c676d1378b40734e4",
            "sha256": "1a82fj82d09zasqfc6x53gcys10pnbg0hf7rrsiwi9wkykrlja08",
            "url": "https://git.marvid.fr/eeva/nur-packages"
        },
        "emiller88": {
            "rev": "0e0450a7b5e653ecb7bf72103e4374d1e91c6c17",
            "sha256": "08hczl8k44dxdxfr234dfv6qnakirvxx7jmfbf7hzqzpiyd8jahq",
            "url": "https://github.com/emiller88/nur-packages"
        },
        "emmanuelrosa": {
            "rev": "b43ea12918d8482c2748a71ad274feb2f38da27e",
            "sha256": "013vhbr1drhvcsfphqxvm7jgb7mcb4ayx6hv1pkbnf265wz54lwj",
            "url": "https://github.com/emmanuelrosa/nur-packages"
        },
        "extends": {
            "rev": "591f3db4432e684dceb66193c460a1c4a098086c",
            "sha256": "11x11k2vkxnkzlmzs415k6w48d1fybbchhdx6sah22x56a9khjav",
            "url": "https://github.com/ImExtends/nur-packages-template"
        },
        "fgaz": {
            "rev": "d8bf5a3eb483dc3c70fe7c1663e2a07ab6f9716c",
            "sha256": "1xl40ngpka3j237ghqzcmmyi9cmq5g3wbm38m2c979knskkricz8",
            "url": "https://github.com/fgaz/nur-packages"
        },
        "fius": {
            "rev": "0b7f08d561e115a60512d83fe20b53223a2f641f",
            "sha256": "1cggld50y0y7ax4ihglszx7mncmrpkvgf5rh8ana79p1mq4dajlp",
            "url": "https://github.com/Fius/nur-packages"
        },
        "gnidorah": {
            "rev": "d914580ad1d49c59aaeb22ee0cf0e83573a92c3d",
            "sha256": "0k6k9swpybfw0icr39y9k1qn2q2g79pqlqhjav4iazg5xxyv53nb",
            "url": "https://github.com/gnidorah/nur-packages"
        },
        "gricad": {
            "rev": "d21e6623425b96af8109405f19d947f59ee2ee46",
            "sha256": "09w0js5xa2xasy2966v28ffsiza7adwl5bkaz9v7ar6d4s83f2xi",
            "url": "https://github.com/Gricad/nur-packages"
        },
        "ilya-fedin": {
            "rev": "e8e154bfb407577d6244e2825aee0a470a21374a",
            "sha256": "1j1ichbjyzjd150qmgfbjbpbh62r5b2qvcxgchd93sqxy17da61d",
            "url": "https://github.com/ilya-fedin/nur-repository"
        },
        "immae": {
            "rev": "9951b235a76800a572ea30793126b7dd8cdf3f0d",
            "sha256": "05irxc736ahckv4cn1f0l2cprwqx6h56m2a61ipjr795h72gmlcd",
            "url": "https://git.immae.eu/perso/Immae/Config/Nix/NUR.git"
        },
        "instantos": {
            "rev": "a8fa8f69f0eedd6fc750ef16b4488708c9722e4b",
            "sha256": "0dp3bsn8km2snbw67ql4s3nysc9dzhibzwmalpxj2lcvfp7c3m9v",
            "url": "https://github.com/instantOS/nix"
        },
        "ivar": {
            "rev": "ddd2ed7221ccb55b9166f53d076fa4f74887e2c4",
            "sha256": "0ayq8qhyr3kxlm1cp0n0h8za9s4zwswgw7ysnybzl3d9l7dwphq2",
            "url": "https://github.com/IvarWithoutBones/NUR"
        },
        "izorkin": {
            "rev": "708892c71bcf021a687700e3541c800390ecc8ef",
            "sha256": "0lx8y5rjyjjsy0mwd2076g8mjiricmks6chzf30b66v738rz0z97",
            "url": "https://github.com/Izorkin/nur-packages"
        },
        "jakobrs": {
            "rev": "41632b322435fa900030ed74b655394154b50e15",
            "sha256": "0n7gv59sw5rx9wan8bk218bba37ii7c4393a3n63p812k2fhnr6i",
            "url": "https://github.com/jakobrs/nur-packages"
        },
        "jbarthelmes": {
            "rev": "ccc9d183bc4f1dc4433e7b6f5188b09cf791ebdc",
            "sha256": "1dg55m7w5s5i9g4qcckiclgs010hg2i9v1isrlhhnnhhk06f9hq8",
            "url": "https://github.com/jbarthelmes/nur-packages"
        },
        "jd91mzm2": {
            "rev": "a2ca6545126cfd0dcb523790b7873a20d0b2a762",
            "sha256": "0sha26i4ni56xg0shxa1sdzqs6jlqa80wkpwvknk46xi33hjxgiw",
            "url": "https://gitlab.com/jD91mZM2/nur-packages"
        },
        "jjjollyjim": {
            "rev": "bd387bf78ceebfc0de6534135b07d689b59eabc0",
            "sha256": "1n4v7ccjkwxknjp4bdgjnj0l52j80m68s0bpblhblq5ax09625m6",
            "url": "https://github.com/jjjollyjim/nur-repo"
        },
        "johnazoidberg": {
            "rev": "780d5afcc8ea50ece33082f7b3fd0700587e0253",
            "sha256": "1n3qlhrpc9g9n60cyj2xj7vzlmbbj2xhq8grs72g0pkjaf5qzcss",
            "url": "https://github.com/JohnAZoidberg/nur-packages"
        },
        "jomik": {
            "rev": "444f3373dac26def2231391e79ac95cda36ed975",
            "sha256": "0v7ccwjkg5psx62n3f9xm7n1h9pjc766yjl1gzhivvkbrxx808j4",
            "url": "https://gitlab.com/jomik/nur-expressions"
        },
        "jorsn": {
            "rev": "643843a8c904b38bab56bcf814b176ad925fe549",
            "sha256": "1r80s6sv8sq309800qf0whj3kbb3qh6k9lr90r2fp9xbin7nkn7l",
            "url": "https://github.com/jorsn/nur-packages"
        },
        "joshuafern": {
            "rev": "45b185e4be4e9df77f907fe0e8e8d52943ee5df2",
            "sha256": "1z991vgqqnbvq2agykcwg3hrab4i2jzs3ms6hdvvlsd9x4rkz1bp",
            "url": "https://github.com/JoshuaFern/nur-package-lab"
        },
        "kalbasit": {
            "rev": "292ff57fbed83356c144bf7b6dd3cf3a7df8695a",
            "sha256": "195y3fk8an5mkf4bhi98as3lcz63zshgvkd84f7gqsdwm4iwclfd",
            "url": "https://github.com/kalbasit/nur-packages"
        },
        "kampka": {
            "rev": "e3907f487ad3edc75253fbb92c0ddb5013f4818a",
            "sha256": "00dbm1h2fh89l5paq6sc4dip43bk4zhg154zwac47cijcynwqgfb",
            "url": "https://github.com/kampka/nix-packages"
        },
        "kapack": {
            "rev": "8f819b9f67b96eeeeca0409f31e43cf581ad1195",
            "sha256": "0vl95cf1rg51921q4sq29jzp4q9wj5xi2b28lz1g4s7crp8qc10m",
            "url": "https://github.com/oar-team/nur-kapack"
        },
        "kmein": {
            "rev": "0dc470d2cbb3a4802f9ae623eb185dec7834a494",
            "sha256": "07pwc6g7g2lp5f3lhb4sr1flbyn1ij2h93ja0ysqbzjinw63ziir",
            "submodules": true,
            "url": "https://github.com/kmein/nur-packages"
        },
        "kolloch": {
            "rev": "606ac0cb71f21626c8ffd9f43a0b950d874696c5",
            "sha256": "08izwrpa2nrgb0gnixpynm7s5kkmcj22kx9mjmjp6ppzwgph0nvw",
            "url": "https://github.com/kolloch/nur-packages"
        },
        "krebs": {
            "rev": "cbb0e146b851fdc8e62bec9f0885e80b791ba5b4",
            "sha256": "0mv4lbgnypfsb1r3z2lr5kjqjhfbw83xgc1l16r69nyh9q4idn5f",
            "submodules": true,
            "url": "https://github.com/krebs/nur-packages"
        },
        "kreisys": {
            "rev": "a8da98008d3d7d03cd32cc3ab18a4a9ab78445d7",
            "sha256": "12ankiz0n59lw1x9c8hy0s0rc5r7b0m9q1pn0gxr20rcqznxvhy3",
            "submodules": true,
            "url": "https://github.com/kreisys/nur-packages"
        },
        "lambdadog": {
            "rev": "e3c338c640433638b1934451f9e5aea2abb7371f",
            "sha256": "0baf5gwy6bn54kvynygayv6fx1blhvkn6ix4ra1l7fx3d1hajc45",
            "url": "https://github.com/lambdadog/nix-extra"
        },
        "lheckemann": {
            "rev": "19fadaf7819cf43327c8f663c038773e14c36f46",
            "sha256": "0rjcca06cl3pj7a8982fwwyvqnix2jp5cwx6n1ir6y7jpyadj6k0",
            "url": "https://github.com/lheckemann/nixwip"
        },
        "lourkeur": {
            "rev": "729da307832991a302544347765d7eb5e980be21",
            "sha256": "18h7bd0aw50n57avv1fi7cgvjs380m4gzs4kbw7mnmy28mk044rv",
            "url": "https://github.com/lourkeur/nur-expressions"
        },
        "lschuermann": {
            "rev": "3dccd13eccbc382eb0a305682eb537ec0d4ceab4",
            "sha256": "0xcm3cpc6kjhmfjdi4vrldcyb8lggm1mv9xs61g2ls6g7pr5yzlx",
            "url": "https://github.com/lschuermann/nur-packages"
        },
        "makefu": {
            "rev": "1fe6912a699ee08ee12c3e0fb12703a9413017f8",
            "sha256": "0645ysd9ggc7ma6rhr0fgsy38r4i1lrh5nsv25pd4x5626gn4kyw",
            "url": "https://github.com/makefu/nur-packages"
        },
        "marzipankaiser": {
            "rev": "53f12fd175a84b9712cd2ff588bcf8427132809b",
            "sha256": "167k2clh71wix8wcw1zyyyv9wrkpwx7xspph94d82acz7k5rmh9x",
            "url": "https://github.com/marzipankaiser/nur-packages"
        },
        "matthewbauer": {
            "rev": "21b678d31d567730921dd932fef6682694715b65",
            "sha256": "0h5al1rd3pklk5m76g47l5c34l272grappbaracxi9ryzmsxckc4",
            "url": "https://github.com/matthewbauer/nur-packages"
        },
        "metadark": {
            "rev": "b59899f44c3e55c72488371b9fd7ea101617df5e",
            "sha256": "0zpr9lwdprvln0kzgkgia2m4zjwylgsrh06jbb5j6yn7bzgzpis3",
            "url": "https://github.com/metadark/nur-packages"
        },
        "mhuesch": {
            "rev": "83b0ba76173dcc88f2b4b617efeae1fba1b08994",
            "sha256": "1lkghpyf4pvdw9jwf215j64055jvciyjaa0xx9kh87861plw80qm",
            "url": "https://github.com/mhuesch/nur-packages"
        },
        "mic92": {
            "rev": "51afeecea47510d063747c5cf3485bad4075ec20",
            "sha256": "110xkm5nmfykjw6kpnmp2yy4gcf0xbl4hfk2l0b2k1g4m9bkpjdn",
            "url": "https://github.com/Mic92/nur-packages"
        },
        "mmilata": {
            "rev": "796c9459fe9753d3c350813e34f75f170d6a66ed",
            "sha256": "0b5xhfxx91mv9kzgy0xkcd4chgw3n7dyymhdp8wjk9hw3qjr76if",
            "url": "https://github.com/mmilata/nur-packages"
        },
        "moaxcp": {
            "rev": "0adcacdfc27b40a3d60013e52e119ccf4a063157",
            "sha256": "1d202hipixaxafdxriwc3794wg9d2dk1lf5hcigad4bh0042024z",
            "url": "https://github.com/moaxcp/nur"
        },
        "moredhel": {
            "rev": "0efec61d26ae2e84bf14fb4697e390cc971ca574",
            "sha256": "1w9kqdv9z8phbw5ypxaaz1pbnwsnbl7ybbkghlshk4xqamkcblr0",
            "url": "https://github.com/moredhel/nur-packages"
        },
        "moredread": {
            "rev": "b2b41968bb6db67ccfd7c0260f394a117da4ea49",
            "sha256": "1qa676ddxycyk79zqf27i9xqlsk9p3zk09yr6bdcnwq24djydnsy",
            "url": "https://github.com/Moredread/nur-packages"
        },
        "mozilla": {
            "rev": "efda5b357451dbb0431f983cca679ae3cd9b9829",
            "sha256": "11wqrg86g3qva67vnk81ynvqyfj0zxk83cbrf0p9hsvxiwxs8469",
            "url": "https://github.com/mozilla/nixpkgs-mozilla"
        },
        "mpickering": {
            "rev": "e14453d19ce02709513da067d4ebee6983f373b4",
            "sha256": "0f3pmba5xyybap23hv89bn0big43smb63pgp1iaxqy5dkn1lrmg5",
            "submodules": true,
            "url": "https://github.com/mpickering/nur-packages"
        },
        "mrVanDalo": {
            "rev": "c7b6135617e50ab0bd9485fd46d7bb4245da41e9",
            "sha256": "1i8ykqy8s37h09l0061rpmp4paw5gcvmf757pi6cvs77w98b34ps",
            "url": "https://github.com/mrVanDalo/nur-packages"
        },
        "mweinelt": {
            "rev": "37c1e1675d4332731dbd45f4b9ea12e228c6a8dc",
            "sha256": "0qbisjxll9b4l4wg15bd557djw09m5irlcxlxack49bqp549sj82",
            "url": "https://github.com/mweinelt/nur-packages"
        },
        "n1kolasM": {
            "rev": "04ba5a002b651550d00293bebc5f0a96709073d7",
            "sha256": "0zmpk35i096rp2bl8dsik0dgjf1b3hwp0m51b67w2s2prv757nb5",
            "url": "https://github.com/n1kolasM/nur-packages"
        },
        "neumantm": {
            "rev": "635cea6601faddab82b26ec4145ab38f1b3be002",
            "sha256": "171k1cjysvr05a2gc6ihsy412dmlw5rkz6l7y3pajld74zg2w1l1",
            "url": "https://github.com/neumantm/nur-packages"
        },
        "nexromancers": {
            "rev": "b8722c5dcd1ce3944cb9f6c55af7ac7f0c73707b",
            "sha256": "0gs2257ddiis4h3bajg9rbxkd59i3a79jpjwnffv071kwcrjd9ql",
            "url": "https://github.com/neXromancers/nixromancers"
        },
        "nprindle": {
            "rev": "0dab62d3d0b0db448b46084ca358990358ecfeaf",
            "sha256": "0p9l3lqmrc0lk89kiww6xlzb21r99yw8l6rb54nksn0nywcfwdc3",
            "url": "https://github.com/nprindle/nur-packages"
        },
        "onny": {
            "rev": "a5124076d9812e1187938d4b06811ad89c20baa6",
            "sha256": "1ki3a21m2avy68bfa8smg0d3c4j8ppfi3xx6gdd6pzpfcrfl6h9x",
            "url": "https://github.com/onny/nur-packages"
        },
        "otevrenamesta": {
            "rev": "67e3db0fea9fe3f54b65ec1ddac5b018f99662b2",
            "sha256": "0fa1nyihyfs421wx732znafl656rr0nhd9k52ld7hqan7k6kyn38",
            "url": "https://github.com/otevrenamesta/nur-packages"
        },
        "pamplemousse": {
            "rev": "38029c7adaee5c4f0a65e01271c57e804eb86e9c",
            "sha256": "1hlw8kh144j6wrk935hmmlb6mfcli4mqv0ir2rhia85a5lnrk670",
            "url": "https://github.com/pamplemousse/nur-packages"
        },
        "peel": {
            "rev": "ae69b0f4b379d04a0c398bc81e3e7af50c1e49b2",
            "sha256": "1wb5434ccvml0b9b8lspnj1wlbcndsykssf37hf6026cyfkakc4z",
            "url": "https://github.com/peel/nur-packages"
        },
        "piegames": {
            "rev": "9187216f61478e7b2340f2bd1ae595512c1062dc",
            "sha256": "04vb7lyx0likgxm8spxn5vdgbzb2mvlq0wrnhw7sjpsryq8f1hq0",
            "url": "https://github.com/piegamesde/nur-packages"
        },
        "piensa": {
            "rev": "cae4370367d5695ef570077bc1d5e7ae314bffa0",
            "sha256": "01zmzc1y50px9j2rjr41q7bhh0z8qzmp2rv6nj6fwkgl6izbq6cq",
            "url": "https://github.com/piensa/nur-packages"
        },
        "pn": {
            "rev": "b6066a51e3bf50158e15717caa9b463cc0b06373",
            "sha256": "04cy5mzv3ngxq2sl87ffpvxhn1059bx90yb6zigzhzyzf68yjf7x",
            "url": "https://github.com/pniedzwiedzinski/pnpkgs"
        },
        "priegger": {
            "rev": "b18b525acc3d7188bcc8f7391911491212678fbb",
            "sha256": "181a952gixlfm4g9pkyasz1c2l4p94cn6kag29ip8cy144v7qzmn",
            "url": "https://git.sr.ht/~priegger/nur-packages"
        },
        "pschuprikov": {
            "rev": "43be15c31133d903ec419d6fc93b76f5ba62e3bc",
            "sha256": "0lsk1x02zg5rdrvza4qkrpjvnvq49vjkjb3v790q9zapbdq9rrkp",
            "url": "https://github.com/pschuprikov/nur-packages"
        },
        "ptival": {
            "rev": "e72eafd2bd6239022078fe0b57b4793bc207cf1c",
            "sha256": "1cwvm3k3cinc96w643lix0nwk0aadk1nf6sl28vz80dxrd5piq9d",
            "url": "https://github.com/Ptival/nur-packages"
        },
        "pwnytail": {
            "rev": "da5f0c5326bbfdbf5200f52c27b2862fe20244a3",
            "sha256": "0qmrqarnja0xrg4gh0zpsqzkkl424w29y3jl6basn1pl9frkhcw5",
            "url": "https://gitlab01.bsd.services/pwnytail/nur-packages"
        },
        "rencire": {
            "rev": "6e4feeb6e6419c7a350f93d7034c0107a3edcee6",
            "sha256": "0k9iqigxa1j9ccj9mzm9qm9599gzn85s4bfvq7vzqbybz9jhmhn0",
            "submodules": true,
            "url": "https://github.com/rencire/nur-packages"
        },
        "rummik": {
            "rev": "7c563feb6481814adcc47d46d8e062367392c97e",
            "sha256": "0vc4rz4hkfksj50wlzib2gfcrz6pkja5pl3yybmmaxnqpncwvn1p",
            "url": "https://gitlab.com/rummik/nixos/nur-packages"
        },
        "rycee": {
            "rev": "712bab7ff10e6842c90c2456e60c48db9248b0a0",
            "sha256": "16p57dpsswhd2c9fs4j02cbafa4i5w2gj22vbgc1fyis2klvwas9",
            "url": "https://gitlab.com/rycee/nur-expressions"
        },
        "sehqlr": {
            "rev": "58dad9c873d9206aa5df7517858c89f0ddeddc4c",
            "sha256": "0k85cyaivpl6ai2w74cxd9qpvvkrgxxb7y9fd0x8d0ix9byy6jv3",
            "url": "https://github.com/sehqlr/nur-packages"
        },
        "sgo": {
            "rev": "89b0726d252e36cb5130d45a8312f6f96639bcc3",
            "sha256": "1x84yrhffzpinlq267c293dv5crrrihx0fykdpj5m9sh0s4s4vm6",
            "url": "https://github.com/stigtsp/nur"
        },
        "shados": {
            "rev": "0d00b1f363e02bcec98dd5d6ac2c5930025bb9a2",
            "sha256": "0j4r5qv0g7zjhqapj64n3603pgk01wkvijn6gn2lf82vscppy10r",
            "url": "https://github.com/Shados/nur-packages"
        },
        "shamilton": {
            "rev": "812a1489d1cc639a9fcbc74d761d9d198599e122",
            "sha256": "0m016adc9lrpfykdj1a55gfqj3zfzwkqcksc03misjjqiiii320l",
            "url": "https://github.com/SCOTT-HAMILTON/nur-packages-template"
        },
        "sikmir": {
            "rev": "95163bab9103d7c6f62dd5545540edd73adebe14",
            "sha256": "0jpgga5zgx3rlg9gxw2904yv4bp1dnzhw6j73sm8n23z0241n7bn",
            "url": "https://github.com/sikmir/nur-packages"
        },
        "smaret": {
            "rev": "c2b03f228862d6d6f3677cdcf2292e33c1026cc2",
            "sha256": "0hz3l36yhai4a7r42qch67i11d827yj33iqz0k6440hb0jc7dnnm",
            "url": "https://github.com/smaret/nur-packages"
        },
        "sondr3": {
            "rev": "af1c3aa32d95f54ae0e4052d1b2d46138c0ac0df",
            "sha256": "1wfgyb3qpgb4lh0bxdi7q66y9gj6giapa5sgqy70y1j296lxqnqi",
            "url": "https://github.com/sondr3/nix-expressions"
        },
        "splintah": {
            "rev": "067a4b44302ddde2446e85c16f72daca1c3b9cc5",
            "sha256": "04f3qvz8zdd1bzn6nlx036l6f0mg0sv3chjag0rzwwmzkd6w891m",
            "url": "https://github.com/splintah/nurpkgs"
        },
        "suhr": {
            "rev": "1b9ac36d8228e735daa1f4023f3ab1f9c544c359",
            "sha256": "0zd4rjyzr7rzs4qjnsh0y4y77pxfrfv3mbw517jwg5zlnqz1zy3n",
            "url": "https://github.com/suhr/nur-packages"
        },
        "syberant": {
            "rev": "34c3bbd117bd3ec73825637ecf1f87954944d233",
            "sha256": "0rml1kdfmr76msqykyccxd2q9dnd3p56szd6fngc8a0v2189r2i1",
            "url": "https://github.com/syberant/nur-packages"
        },
        "thilobillerbeck": {
            "rev": "9fab250e907703d814b9a09c78909fa804d4cb30",
            "sha256": "01nwkpfx6bk4aaxmz8pwxxgb7jnk46fqmxm5c7qbdq9hkda8a125",
            "url": "https://github.com/thilobillerbeck/nur-packages"
        },
        "tilpner": {
            "rev": "246b7c0fa868beaa6de724d0b39a9859949c4e8d",
            "sha256": "0r9aqp7hi683d27dlabxk87h348s8c9ni47i2b32y1304by1d45x",
            "url": "https://github.com/tilpner/nur-packages"
        },
        "tokudan": {
            "rev": "efd3aea52f13aed1e3af2f20475765804d73d4f6",
            "sha256": "0m1gxw5dm5g1jc6m9xxgj3rsig1vgkzaybb2rvs40h9iffing9jn",
            "url": "https://codeberg.org/tokudan/nur.git"
        },
        "tomberek": {
            "rev": "60a99b59d1a8cef6fde1fb635e502ea3a96b8aa7",
            "sha256": "0qxxvlwqv8x63n8vmgmz8viqrdh6m6ni1p2rsx8wmvhqf52vwbcg",
            "url": "https://github.com/tomberek/nur-packages"
        },
        "tox": {
            "rev": "4e7ae501331e081f1679e657bbe9d6067f179db5",
            "sha256": "18gcn013rl41c9asc2c11l2kgl3w7nw1f9h1kqcf0hya0q4066b2",
            "url": "https://github.com/tox-rs/nur-tox"
        },
        "trevorriles": {
            "rev": "f45e5a2ab2f29c9b7e7eee6c62289db755545329",
            "sha256": "1pv53mxn5ci76lzvabrkqcvd9nnpsqkqs2wzdwrh3r394zfjp22h",
            "url": "https://github.com/trevorriles/nur-packages"
        },
        "vdemeester": {
            "rev": "ca2dfff25f39a4abc2e279c12367058d49c48acc",
            "sha256": "0dxix78jv82z24v674is3swzyahvfk4ffa5bymdv7l161yh3k2bl",
            "url": "https://gitlab.com/vdemeester/home"
        },
        "wamserma": {
            "rev": "c818f97566e1c1c8d46bbf7ba66c60e5e018c0dd",
            "sha256": "0ngcxdwz1b0zgzcpkv215kcxlw1yhcz949bhpji4wb0ivsvc6ly6",
            "url": "https://github.com/wamserma/nur-packages"
        },
        "xe": {
            "rev": "ede9ea60fffd25920a95b25755165bfca129f2e3",
            "sha256": "1bpbdfk4ypcldxr02dqs53f67d9hs0245ni74vipcmmz8nf6lafh",
            "url": "https://github.com/Xe/xepkgs"
        },
        "yoctocell": {
            "rev": "28b359c5e6ce75a9cd1b218384d017a8831d5c3c",
            "sha256": "0d9cshw8k5vsrvsci9pfqcfi83m44bh65wcsy7j8qy7qwzpdp1pb",
            "url": "https://github.com/yoctocell/nur-packages"
        },
        "ysndr": {
            "rev": "2e1ad348d4b9d0b6fd6032ff16a0f9434cf980cf",
            "sha256": "1dfrsj8cq7kqrq0gmwdyaw20valxz6gc64dfnb2c021hgp1g0xya",
            "url": "https://github.com/ysndr/nur-packages"
        },
        "yurrriq": {
            "rev": "ed38baafff703b1f2e18456b93cf2439589cda5b",
            "sha256": "1y30qjjkk4rfkngbrbfhlrcfg5s7m7wrjpb5gby9yg3ij25pxjni",
            "url": "https://github.com/yurrriq/nur-packages"
        },
        "zeratax": {
            "rev": "98b2cd18a15f010a15c0c086344b27aceb728afd",
            "sha256": "09nxqvn4f4sbkgb84a877fd6hrmx8zs1kk8m84gz31fcg6lag36n",
            "url": "https://github.com/ZerataX/nur-packages"
        }
    }
}