{
    "repos": {
        "bb010g": {
            "rev": "f16171302a56f1d1a4ea7633a81da8402fa05b32",
            "sha256": "0z6z09wj0k37x6cf21jpndw2fxjwb7hxrwn8gizgcrkcsjrsrrp8",
            "url": "https://github.com/bb010g/nur-packages"
        },
        "bhipple": {
            "rev": "7883d5f37363633e2a877b5bbe36062cb7d09718",
            "sha256": "09nxcgb1m3jin8d5f8bv7ly0jhfc90qr1nnmrm4l58fx25bab8fa",
            "url": "https://github.com/bhipple/nur-packages"
        },
        "crazedprogrammer": {
            "rev": "9655097238af560ea4a07377ac00ef50f6bd4565",
            "sha256": "1bqyn3a8yr1zsmfi9cpdj2jnsbda917yv2h4kpjsyd5fzbqwg61b",
            "url": "https://github.com/CrazedProgrammer/nix"
        },
        "dezgeg": {
            "rev": "2d1018064f60640b6dcc2201efcfc9d0a92a7889",
            "sha256": "0x9q6zdw56sldffqhyvwdx64bjzw5yb6idag4ggrf6ivisrvyszy",
            "url": "https://github.com/dezgeg/nur-packages"
        },
        "dguibert": {
            "rev": "1c88c67fa6076a74ef8f6c3f1b44f66cc095fa2d",
            "sha256": "1pcy28ah2dm8nvin3g3skdwbh78vgmd20h7p0wdc5sd3i03i8x3n",
            "url": "https://github.com/dguibert/nur-packages"
        },
        "dtz": {
            "rev": "3df80f6424c9f83ab628146fb93e653775925f29",
            "sha256": "1c2a0q3mpnpd2wahnkxbs308g465xdbwa7wlgvm7d18hz3qdn3rk",
            "url": "https://github.com/dtzWill/nur-packages"
        },
        "dywedir": {
            "rev": "db71fe72c9b04c408017e933d29f426452adb9e6",
            "sha256": "1wn4j8s0b454vdid054r486szy7kg8vv29r1dk20300kzsg6a2q2",
            "url": "https://github.com/dywedir/nur-packages"
        },
        "eeva": {
            "rev": "4cf38e3602f0e5925695140c676d1378b40734e4",
            "sha256": "1a82fj82d09zasqfc6x53gcys10pnbg0hf7rrsiwi9wkykrlja08",
            "url": "https://framagit.org/eeva/nur-packages"
        },
        "fgaz": {
            "rev": "00fcd7f41cfd8de6ab4df7d76780d9f8aa6c6d2d",
            "sha256": "07pjl998x5zh3ppfdqjdg480g4m0dd6vp3767jr3xbr7d3i41jkn",
            "url": "https://github.com/fgaz/nur-packages"
        },
        "izorkin": {
            "rev": "45d6d18906c49eedc6b8e71d708dfbea96a85ce2",
            "sha256": "0kgdj7kck0k73czk1zjjc08zr5dfwpin6jspyx2kn759h295c7s5",
            "url": "https://github.com/Izorkin/nur-packages"
        },
        "johnazoidberg": {
            "rev": "7315bdb04d9efd4b27239cebe39a710a78ab6048",
            "sha256": "16c85ll0afscbk6m8q7bikz94ba4wnbvg703wfbbf86wx8wfxn7q",
            "url": "https://github.com/JohnAZoidberg/nur-packages"
        },
        "kalbasit": {
            "rev": "c84d1989b6068fd36f3f6a620f5a2b170b6733ea",
            "sha256": "1p64zag5a15ykn3nnk7z6zyp7l2l60j8p0xz2n7404xlqh7jd93w",
            "url": "https://github.com/kalbasit/nur-packages"
        },
        "kampka": {
            "rev": "7fe8322975a9c9a81fcbe5566820ad1ac237821a",
            "sha256": "178d7h7m7nrg2cvll5z0bhsshf5dr2ijr8q9v0brbbcqsdv4pqbw",
            "url": "https://github.com/kampka/nix-packages"
        },
        "krebs": {
            "rev": "cbb0e146b851fdc8e62bec9f0885e80b791ba5b4",
            "sha256": "0mv4lbgnypfsb1r3z2lr5kjqjhfbw83xgc1l16r69nyh9q4idn5f",
            "submodules": true,
            "url": "https://github.com/krebs/nur-packages"
        },
        "kreisys": {
            "rev": "b18f9963f6cca5f7302f15aecf16b7b432dea593",
            "sha256": "0msxk2c15xn08i2lr9f5wd4mn36minsd5v7sq3w2yq2my5dslx86",
            "submodules": true,
            "url": "https://github.com/kreisys/nur-packages"
        },
        "lheckemann": {
            "rev": "19fadaf7819cf43327c8f663c038773e14c36f46",
            "sha256": "0rjcca06cl3pj7a8982fwwyvqnix2jp5cwx6n1ir6y7jpyadj6k0",
            "url": "https://github.com/lheckemann/nixwip"
        },
        "lschuermann": {
            "rev": "af05cb0157db1dbe8e5de92618ca707dffbf99f0",
            "sha256": "19k87nxxzs5wm31hwcis314pkajhxxcvb2m8r63mn760k2sybjw0",
            "url": "https://github.com/lschuermann/nur-packages"
        },
        "ma27": {
            "rev": "a56c859ac3253d766d71c967007be96b10452272",
            "sha256": "0s7m4j93azx3ks841gb9zdk2m434x7k30349vp80c20ryj2l3z2s",
            "url": "https://gitlab.com/Ma27/nixexprs"
        },
        "makefu": {
            "rev": "df9d390c6038c23925fe9da553d0d2c06a77dcd7",
            "sha256": "1h9x64b42c5s1478cg2csnsmb4y92zkanvhzcb3r863s1rl47l7b",
            "url": "https://github.com/makefu/nur-packages"
        },
        "matthewbauer": {
            "rev": "21b678d31d567730921dd932fef6682694715b65",
            "sha256": "0h5al1rd3pklk5m76g47l5c34l272grappbaracxi9ryzmsxckc4",
            "url": "https://github.com/matthewbauer/nur-packages"
        },
        "mic92": {
            "rev": "c0270fd3016213038bf4dd0449a6f9cac724bc13",
            "sha256": "09w0j182hbqxfrlzh3aci2shk6389yn6fxxqlyai8xc0nczbb81j",
            "url": "https://github.com/Mic92/nur-packages"
        },
        "moredhel": {
            "rev": "96ec0a3813c469e1199fcd92519a475542e24c7c",
            "sha256": "1ppyn7bvm63xl121gj34796rjymg5d8p36lab8wwfhdx9ljwkfjc",
            "url": "https://github.com/moredhel/nur-packages"
        },
        "moredread": {
            "rev": "d6731025b05860aff44cfbe39ac7b481a675c061",
            "sha256": "07gmj7j1g11fqfj1z30q4qdjwrvdfpxf92z3xl498b62fxr9my5c",
            "url": "https://github.com/Moredread/nur-packages"
        },
        "mozilla": {
            "rev": "adb97fb5dd895a3e2536beae6c5c535cc70b6eb8",
            "sha256": "1ig7h9aswvv4c8s53fzd7hxln9wj2bbkwqpdr28bcjc1j01a7qf9",
            "url": "https://github.com/mozilla/nixpkgs-mozilla"
        },
        "mpickering": {
            "rev": "bda625c277407b6396561683c46ef97926f064d9",
            "sha256": "1l8x35hih6nz8m6rdz9dk3k4q8ygk82pw6wrz0pfbykip64j1ca6",
            "submodules": true,
            "url": "https://github.com/mpickering/nur-packages"
        },
        "nexromancers": {
            "rev": "09944ec81bb462e096ab996dbe9465b8cd89e3d8",
            "sha256": "1k0p58krk0v9jlvn8546cnhzfxsbkdl75hlmf1pjpwaywi0vpi7d",
            "url": "https://github.com/neXromancers/nixromancers"
        },
        "peel": {
            "rev": "d5ba2b2c23e942238da0fe80595bc385902f86e3",
            "sha256": "0m1xz4i0rh76zipx4hdw0aa88d8mk2s8xsk6zjnmdz1qlf7qb6ba",
            "url": "https://github.com/peel/nur-packages"
        },
        "pschuprikov": {
            "rev": "5be0e58e2fed6a50e8e02fe42aa668bdfd8cfde1",
            "sha256": "036ca4b67cnjny80f9qsfk6vcl2qy8zcc95swaqhbpfabyzbx5sx",
            "url": "https://github.com/pschuprikov/nur-packages"
        },
        "tilpner": {
            "rev": "be1f59c64701ec5a9cbde783411e8e3973155407",
            "sha256": "09jknqmlfbfd0y0x0s14llpgh1x42gh7cbvjc87kirnh205fy7yg",
            "url": "https://github.com/tilpner/nur-packages"
        },
        "vdemeester": {
            "rev": "b4c8477e64f185700d0d12d996609b15c57b01c4",
            "sha256": "1mvcrgmqbby4f0gmd5258iiwm9fwkf0w6wzk4cky5y67zgyw1q0a",
            "url": "https://github.com/vdemeester/nur-packages"
        },
        "yurrriq": {
            "rev": "229049a03bb2f2ceb87cde62a0c36544063d932f",
            "sha256": "0xg81wixn80ili1w2kv48nik94xz7kpnq7yanfav5dfz0vyjw2gk",
            "url": "https://github.com/yurrriq/nur-packages"
        }
    }
}