{
    "repos": {
        "0x4a6f": {
            "rev": "293105465d53ea2806a3848b46fbd2e4467dd1d6",
            "sha256": "017yjav6a05xvqwg5p1xl7p5malazx770a5s49k3qacz3q176sfq",
            "url": "https://github.com/0x4A6F/nur-packages"
        },
        "INFO4-19": {
            "rev": "8e7468efbb7fc13e0c4ccf7e2fd64f5106012301",
            "sha256": "082k3j383zl7vp8fmbwjdh9wmnhv776i6in3pjf3g06ijb4cwcg1",
            "url": "https://gricad-gitlab.univ-grenoble-alpes.fr/Projets-INFO4/18-19/19/code"
        },
        "arc": {
            "rev": "2942bf49d1dd2cfc7c9ce2880bb60a6c44ea2ecc",
            "sha256": "1xycqnhvkkvi0pnjvyhzdn6z5asvb2cpya58hsy9cfm6yshy56gj",
            "url": "https://github.com/arcnmx/nixexprs"
        },
        "awl-fcarza": {
            "rev": "1aca962ce0b3e09baca3d02081bc353b818fd7a9",
            "sha256": "0c2cwh938csmi03wdc0nfcdlncdjf9w4z9g6lc7fa36ajxb083af",
            "url": "https://github.com/francescocarzaniga/awl-fcarza"
        },
        "balsoft": {
            "rev": "b26e816746926b18886357fbcf6fc78bb4a4cf32",
            "sha256": "1zgllcrs1845hfaf4fqrq3fpf7n88jh026i9q9357akfwa7sgf2k",
            "url": "https://github.com/balsoft/nur-packages"
        },
        "bb010g": {
            "rev": "7ba15d8688197f792352fabe68d96ef5f4e8478f",
            "sha256": "1xd4d7l2wri7j7b9xpyzlsjzw8qn5sl1lfjc95j8wjvzimn7rdjm",
            "url": "https://github.com/bb010g/nur-packages"
        },
        "bendlas": {
            "rev": "d03071bae1c1036cbe3dcde75d97d4f926232506",
            "sha256": "0685z3di8sakhrn1h5w7nqmhx4l3czr5b2vixvyas079gzahkzja",
            "url": "https://github.com/bendlas/nur-packages"
        },
        "bhipple": {
            "rev": "7883d5f37363633e2a877b5bbe36062cb7d09718",
            "sha256": "09nxcgb1m3jin8d5f8bv7ly0jhfc90qr1nnmrm4l58fx25bab8fa",
            "url": "https://github.com/bhipple/nur-packages"
        },
        "chagra": {
            "rev": "4517fa010c14e0a002a9aa89ba63c0301c45bfdd",
            "sha256": "0kbv6f6bj94arhxxqb5xn5ag81wrc4nx20aad7l5klzpb5hssidr",
            "url": "https://github.com/ihebchagra/nur-packages"
        },
        "clefru": {
            "rev": "0752efdeba32f6f84cab5fa8ed5a9564d29753f5",
            "sha256": "1qls6zr63rm3rg9f4jw7k1rkgprzjdw9iwc9k3wrvmwqj5vnz27n",
            "url": "https://github.com/clefru/nur-packages"
        },
        "cransom": {
            "rev": "0c23e2eede76079d72ed93416bf060ef6544d320",
            "sha256": "1hwzcv891n437bf2zqca5kkrsknbr7wvf0dvx7hr5bpnncdvliba",
            "url": "https://github.com/cransom/nur-packages"
        },
        "crazedprogrammer": {
            "rev": "d6e67757f8124a629636fb8b09baaeb0ba3ac49f",
            "sha256": "09z5qgmsbrygny3b3qxrh6spihl1s5mpqpcqq1a9cj8rjk5jshqb",
            "url": "https://github.com/CrazedProgrammer/nix"
        },
        "dezgeg": {
            "rev": "2d1018064f60640b6dcc2201efcfc9d0a92a7889",
            "sha256": "0x9q6zdw56sldffqhyvwdx64bjzw5yb6idag4ggrf6ivisrvyszy",
            "url": "https://github.com/dezgeg/nur-packages"
        },
        "dguibert": {
            "rev": "17c2652201b7dbb069d2628e79ec7dd6cc0144a6",
            "sha256": "1lyvddv2270a5gsmbmx1gvgm2khbxg592gj0zjhqg7g13d5qzk25",
            "url": "https://github.com/dguibert/nur-packages"
        },
        "dtz": {
            "rev": "3d0168f0e7680f00bc10c3b1bb3e2f1031495311",
            "sha256": "0sb9398vgdqs8b1ncdj92385i472h3zj8qw0nlajnjxjmp1d7m3y",
            "url": "https://github.com/dtzWill/nur-packages"
        },
        "dywedir": {
            "rev": "a0fb6c1a6e3fb4b991508224caf33ebb8c2650e3",
            "sha256": "1fj4j22gp1h8n3qijy7vy421bv57ff78ncrwax1bndqa2idqfz95",
            "url": "https://github.com/dywedir/nur-packages"
        },
        "eeva": {
            "rev": "4cf38e3602f0e5925695140c676d1378b40734e4",
            "sha256": "1a82fj82d09zasqfc6x53gcys10pnbg0hf7rrsiwi9wkykrlja08",
            "url": "https://framagit.org/eeva/nur-packages"
        },
        "fgaz": {
            "rev": "4d9d6c9fcc678f1e0c2963ac35f81e6e3231dd31",
            "sha256": "10dcdvlpgcn9k2rx1765ph85ykrsxv922h0lks24l6c8zvxln1fd",
            "url": "https://github.com/fgaz/nur-packages"
        },
        "immae": {
            "rev": "1a0c63d1b305e092b98c4d22d657a303a41ee238",
            "sha256": "0i54pmn3as3myjzyay5kmq6jqp17ksps2phxbbsxahfsgjp54adp",
            "url": "https://git.immae.eu/perso/Immae/Config/Nix/NUR.git"
        },
        "izorkin": {
            "rev": "1ecf89e98582ba227379915816e5c02bf73c29f6",
            "sha256": "1r712yb6r2ihhjxq9wcjvav7f0iclz0xqi11896mjarz16bpl63h",
            "url": "https://github.com/Izorkin/nur-packages"
        },
        "johnazoidberg": {
            "rev": "48769217a4f800d83bd33006cabf4eebb8739951",
            "sha256": "0f2v9iq21ipsx9kiwssgqwwisdsy2wx9zfasy9qvvx5y17r4sqpz",
            "url": "https://github.com/JohnAZoidberg/nur-packages"
        },
        "jomik": {
            "rev": "444f3373dac26def2231391e79ac95cda36ed975",
            "sha256": "0v7ccwjkg5psx62n3f9xm7n1h9pjc766yjl1gzhivvkbrxx808j4",
            "url": "https://gitlab.com/jomik/nur-expressions"
        },
        "kalbasit": {
            "rev": "25dbef99cd3c123d23b20d5d47e9b9ebe0a29167",
            "sha256": "1f6ixlacrmzd3k8gq4k9s769jwyvr3znzyyb0vv9w94z14jk4dk0",
            "url": "https://github.com/kalbasit/nur-packages"
        },
        "kampka": {
            "rev": "c20450e9c1a4d14121e81f0be4b675149401f940",
            "sha256": "0rjbw2yggmw88hbdyrgzj3mdwv9gf134hsh9nsmvm5rayla4d7wy",
            "url": "https://github.com/kampka/nix-packages"
        },
        "krebs": {
            "rev": "cbb0e146b851fdc8e62bec9f0885e80b791ba5b4",
            "sha256": "0mv4lbgnypfsb1r3z2lr5kjqjhfbw83xgc1l16r69nyh9q4idn5f",
            "submodules": true,
            "url": "https://github.com/krebs/nur-packages"
        },
        "kreisys": {
            "rev": "500b07bd3c837efb47841a61f4ee97b55d44993c",
            "sha256": "11slas1bpd04nnl35ycxiwjjq1xri3k9gg6lih4hwzaybclwb40r",
            "submodules": true,
            "url": "https://github.com/kreisys/nur-packages"
        },
        "lheckemann": {
            "rev": "19fadaf7819cf43327c8f663c038773e14c36f46",
            "sha256": "0rjcca06cl3pj7a8982fwwyvqnix2jp5cwx6n1ir6y7jpyadj6k0",
            "url": "https://github.com/lheckemann/nixwip"
        },
        "lschuermann": {
            "rev": "3dccd13eccbc382eb0a305682eb537ec0d4ceab4",
            "sha256": "0xcm3cpc6kjhmfjdi4vrldcyb8lggm1mv9xs61g2ls6g7pr5yzlx",
            "url": "https://github.com/lschuermann/nur-packages"
        },
        "makefu": {
            "rev": "687f3ab4164623bb1fdf57390b1aa723ae4bd535",
            "sha256": "14k1hcjlis31abn1h0avpdqh5md686nbvipc6lsf8v95v3jpb3ga",
            "url": "https://github.com/makefu/nur-packages"
        },
        "marzipankaiser": {
            "rev": "326fed16ff7565d565b103be218a9b31eb68d9d7",
            "sha256": "1jycqdz97l3k2g63yqba9j5dh3x3gcvyirp8fjbb8vyd4ibll0hj",
            "url": "https://github.com/marzipankaiser/nur-packages"
        },
        "matthewbauer": {
            "rev": "21b678d31d567730921dd932fef6682694715b65",
            "sha256": "0h5al1rd3pklk5m76g47l5c34l272grappbaracxi9ryzmsxckc4",
            "url": "https://github.com/matthewbauer/nur-packages"
        },
        "mic92": {
            "rev": "214f4738a40f90fe8d858be6a2df22fb7a8a5248",
            "sha256": "045jr6pblvwjlv2hn1fnr7xjwzhba7yvbppjbc8xgjvfvnb7xn4l",
            "url": "https://github.com/Mic92/nur-packages"
        },
        "moaxcp": {
            "rev": "64d9b035c7fb3a59cc196e1b381e51e016cdbeb8",
            "sha256": "0n7b34bp2qglfamkywvyajfcq09v763xiszff7d37wlgxpbl50k7",
            "url": "https://github.com/moaxcp/nur"
        },
        "moredhel": {
            "rev": "0efec61d26ae2e84bf14fb4697e390cc971ca574",
            "sha256": "1w9kqdv9z8phbw5ypxaaz1pbnwsnbl7ybbkghlshk4xqamkcblr0",
            "url": "https://github.com/moredhel/nur-packages"
        },
        "moredread": {
            "rev": "f4d75ad080f78be7969c9125f4baaf7443fbac84",
            "sha256": "00jzx8gakrvqcvya3ll69yhpnj13f1yijs2gv3pnw04s38qi7z76",
            "url": "https://github.com/Moredread/nur-packages"
        },
        "mozilla": {
            "rev": "d46240e8755d91bc36c0c38621af72bf5c489e13",
            "sha256": "0icws1cbdscic8s8lx292chvh3fkkbjp571j89lmmha7vl2n71jg",
            "url": "https://github.com/mozilla/nixpkgs-mozilla"
        },
        "mpickering": {
            "rev": "e377f51211bd2a24d2e903c01e0815ad85b5846c",
            "sha256": "1rqzfmjzqn2d1b3q8m7j15a8sizlmrxnr8j3zdibz1d8diy5k8f0",
            "submodules": true,
            "url": "https://github.com/mpickering/nur-packages"
        },
        "n1kolasM": {
            "rev": "9cd19febb27c5455c38bbd0e18cc497ce3d98588",
            "sha256": "0rjzy2jigvvhnlb38yfqrzmx2mqnj7b014ysn7k45b9nlwk240zf",
            "url": "https://github.com/n1kolasM/nur-packages"
        },
        "nexromancers": {
            "rev": "79ca057b162fbf5a52876dc9cbcfbcb1c0070977",
            "sha256": "1rf1wm331xz7qa9lji2kqsa7a6ifdi0pykv0192v0a4my0mjxxyg",
            "url": "https://github.com/neXromancers/nixromancers"
        },
        "peel": {
            "rev": "b1edceefd2f7514208be1e540b7ed6ad0ee17119",
            "sha256": "1rr27hwqaw7d29y88h8dpj5ravigh99p4y35dhvlaw2hvk634838",
            "url": "https://github.com/peel/nur-packages"
        },
        "piensa": {
            "rev": "cae4370367d5695ef570077bc1d5e7ae314bffa0",
            "sha256": "01zmzc1y50px9j2rjr41q7bhh0z8qzmp2rv6nj6fwkgl6izbq6cq",
            "url": "https://github.com/piensa/nur-packages"
        },
        "pschuprikov": {
            "rev": "22776f0dda6df8e38e5c4a57445c35a4c8dbe925",
            "sha256": "036ca4b67cnjny80f9qsfk6vcl2qy8zcc95swaqhbpfabyzbx5sx",
            "url": "https://github.com/pschuprikov/nur-packages"
        },
        "rycee": {
            "rev": "d4eb5ba91921f74f00190b0373cee89c6c5ca454",
            "sha256": "0li66ndlgrr9a47wr3vwsix4dhjqg3dps64nmynkc6ardgc2z6lq",
            "url": "https://gitlab.com/rycee/nur-expressions"
        },
        "smaret": {
            "rev": "47d9c3410d9e61d3bce3c857edf2a72f33f8a2fc",
            "sha256": "1mwl0srkx8x4pqhjk292ncj16p3l0s14vr67437k8nssa59lpqmd",
            "url": "https://github.com/smaret/nur-packages"
        },
        "suhr": {
            "rev": "439df7ab9f8a4be1d7a88b8343796762956ebd54",
            "sha256": "0lwdpwmjwbbg6gipllijzz546ryy6ybm84k5l8zv8ia8w6xpl5yf",
            "url": "https://github.com/suhr/nur-packages"
        },
        "tilpner": {
            "rev": "5d6ef1794437c88e32893853b389975c15b1ffdd",
            "sha256": "1c4243zzq9f29caxw08h7m6nn9pq0gka429y1wciqp7wsvb1rhcx",
            "url": "https://github.com/tilpner/nur-packages"
        },
        "tox": {
            "rev": "4e7ae501331e081f1679e657bbe9d6067f179db5",
            "sha256": "18gcn013rl41c9asc2c11l2kgl3w7nw1f9h1kqcf0hya0q4066b2",
            "url": "https://github.com/tox-rs/nur-tox"
        },
        "vdemeester": {
            "rev": "e15f46c6a015b8a539e74f84ebde63de2ffa1e2f",
            "sha256": "09mjz50l9dm94yay735707rw8i8vvqcd6miplh1srk3rvm7hq1w6",
            "url": "https://github.com/vdemeester/nur-packages"
        },
        "ysndr": {
            "rev": "d2d10faa23e61ba86bd5f62f1a2028e91ad54bbc",
            "sha256": "0nzbc7941hfi71qhy0yizzlgsmgk61zxpdpa5inicin1fmmqa23m",
            "url": "https://github.com/ysndr/nur-packages"
        },
        "yurrriq": {
            "rev": "56e3632cc3a951a2a67619cdf849ab495d9e2907",
            "sha256": "0x1vy747bkhgwnapn5gr2zj5kncm9fdxf5j0p1lwcl567gg8a0y5",
            "url": "https://github.com/yurrriq/nur-packages"
        }
    }
}